<?xml version="1.0" encoding="utf-8"?>
<Project ToolsVersion="4.0" xmlns="http://schemas.microsoft.com/developer/msbuild/2003">
  <ItemGroup>
    <FxCompile Include="src\MaskedPixelShader.hlsl">
      <Filter>src</Filter>
    </FxCompile>
    <FxCompile Include="src\PlainPixelShader.hlsl">
      <Filter>src</Filter>
    </FxCompile>
    <FxCompile Include="src\VertexShader.hlsl">
      <Filter>src</Filter>
    </FxCompile>
  </ItemGroup>
  <ItemGroup>
    <ClCompile Include="src\application.cpp">
      <Filter>src</Filter>
    </ClCompile>
    <ClCompile Include="src\base_renderer.cpp">
      <Filter>src</Filter>
    </ClCompile>
    <ClCompile Include="src\capture_thread.cpp">
      <Filter>src</Filter>
    </ClCompile>
    <ClCompile Include="src\frame_updater.cpp">
      <Filter>src</Filter>
    </ClCompile>
    <ClCompile Include="src\main.cpp">
      <Filter>src</Filter>
    </ClCompile>
    <ClCompile Include="src\pointer_updater.cpp">
      <Filter>src</Filter>
    </ClCompile>
    <ClCompile Include="src\renderer.cpp">
      <Filter>src</Filter>
    </ClCompile>
    <ClCompile Include="src\window_renderer.cpp">
      <Filter>src</Filter>
    </ClCompile>
    <ClCompile Include="src\win32\power_request.cpp">
      <Filter>src\win32</Filter>
    </ClCompile>
    <ClCompile Include="src\win32\taskbar_list.cpp">
      <Filter>src\win32</Filter>
    </ClCompile>
  </ItemGroup>
  <ItemGroup>
    <ClInclude Include="src\meta\array.h">
      <Filter>src\meta</Filter>
    </ClInclude>
    <ClInclude Include="src\meta\array_view.h">
      <Filter>src\meta</Filter>
    </ClInclude>
    <ClInclude Include="src\meta\bits.h">
      <Filter>src\meta</Filter>
    </ClInclude>
    <ClInclude Include="src\meta\comptr.h">
      <Filter>src\meta</Filter>
    </ClInclude>
    <ClInclude Include="src\meta\flags.h">
      <Filter>src\meta</Filter>
    </ClInclude>
    <ClInclude Include="src\meta\result.h">
      <Filter>src\meta</Filter>
    </ClInclude>
    <ClInclude Include="src\meta\tuple.h">
      <Filter>src\meta</Filter>
    </ClInclude>
    <ClInclude Include="src\meta\scope_guard.h">
      <Filter>src\meta</Filter>
    </ClInclude>
    <ClInclude Include="src\meta\opaque_value.h">
      <Filter>src\meta</Filter>
    </ClInclude>
    <ClInclude Include="src\meta\string_view.h">
      <Filter>src\meta</Filter>
    </ClInclude>
    <ClInclude Include="src\meta\optional.h">
      <Filter>src\meta</Filter>
    </ClInclude>
    <ClInclude Include="src\application.h">
      <Filter>src</Filter>
    </ClInclude>
    <ClInclude Include="src\base_renderer.h">
      <Filter>src</Filter>
    </ClInclude>
    <ClInclude Include="src\capture_thread.h">
      <Filter>src</Filter>
    </ClInclude>
    <ClInclude Include="src\captured_update.h">
      <Filter>src</Filter>
    </ClInclude>
    <ClInclude Include="src\frame_context.h">
      <Filter>src</Filter>
    </ClInclude>
    <ClInclude Include="src\frame_updater.h">
      <Filter>src</Filter>
    </ClInclude>
    <ClInclude Include="src\pointer_updater.h">
      <Filter>src</Filter>
    </ClInclude>
    <ClInclude Include="src\renderer.h">
      <Filter>src</Filter>
    </ClInclude>
    <ClInclude Include="src\stable.h">
      <Filter>src</Filter>
    </ClInclude>
    <ClInclude Include="src\window_renderer.h">
      <Filter>src</Filter>
    </ClInclude>
    <ClInclude Include="resource.h">
      <Filter>src</Filter>
    </ClInclude>
    <ClInclude Include="src\win32\power_request.h">
      <Filter>src\win32</Filter>
    </ClInclude>
    <ClInclude Include="src\win32\taskbar_list.h">
      <Filter>src\win32</Filter>
    </ClInclude>
  </ItemGroup>
  <ItemGroup>
    <Filter Include="src">
      <UniqueIdentifier>{4f2262d7-1c05-4bc6-b3f2-6c929b10a188}</UniqueIdentifier>
    </Filter>
    <Filter Include="src\meta">
      <UniqueIdentifier>{c1306954-4001-4709-97a0-8b2ff7c09077}</UniqueIdentifier>
    </Filter>
    <Filter Include="extra files">
      <UniqueIdentifier>{c85c7adb-69ce-4c39-a3cd-74b3c92181dd}</UniqueIdentifier>
    </Filter>
    <Filter Include="src\win32">
      <UniqueIdentifier>{121a67aa-18e3-4e37-a977-336a672bee3c}</UniqueIdentifier>
    </Filter>
  </ItemGroup>
  <ItemGroup>
    <Manifest Include="src\main.manifest">
      <Filter>src</Filter>
    </Manifest>
  </ItemGroup>
  <ItemGroup>
    <None Include=".editorconfig">
      <Filter>extra files</Filter>
    </None>
    <None Include="LICENSE">
      <Filter>extra files</Filter>
    </None>
    <None Include="README.adoc">
      <Filter>extra files</Filter>
    </None>
    <None Include=".clang-format">
      <Filter>extra files</Filter>
    </None>
  </ItemGroup>
  <ItemGroup>
    <ResourceCompile Include="src\main.rc">
      <Filter>src</Filter>
    </ResourceCompile>
  </ItemGroup>
  <ItemGroup>
    <Image Include="src\main.ico">
      <Filter>src</Filter>
    </Image>
  </ItemGroup>
</Project>