<?xml version="1.0" encoding="utf-8"?>
<Project ToolsVersion="4.0" xmlns="http://schemas.microsoft.com/developer/msbuild/2003">
  <ItemGroup>
    <FxCompile Include="src\PixelShader.hlsl" />
    <FxCompile Include="src\VertexShader.hlsl" />
  </ItemGroup>
  <ItemGroup>
    <ClCompile Include="src\application.cpp" />
    <ClCompile Include="src\capture_thread.cpp" />
    <ClCompile Include="src\frame_updater.cpp" />
    <ClCompile Include="src\main.cpp" />
    <ClCompile Include="src\renderer.cpp" />
    <ClCompile Include="src\window_renderer.cpp" />
    <ClCompile Include="src\base_renderer.cpp" />
  </ItemGroup>
  <ItemGroup>
    <ClInclude Include="src\application.h" />
    <ClInclude Include="src\captured_update.h" />
    <ClInclude Include="src\capture_thread.h" />
    <ClInclude Include="src\frame_updater.h" />
    <ClInclude Include="src\renderer.h" />
    <ClInclude Include="src\stable.h" />
    <ClInclude Include="src\window_renderer.h" />
    <ClInclude Include="src\base_renderer.h" />
    <ClInclude Include="src\meta\array.h">
      <Filter>meta</Filter>
    </ClInclude>
    <ClInclude Include="src\meta\array_view.h">
      <Filter>meta</Filter>
    </ClInclude>
    <ClInclude Include="src\meta\bits.h">
      <Filter>meta</Filter>
    </ClInclude>
    <ClInclude Include="src\meta\comptr.h">
      <Filter>meta</Filter>
    </ClInclude>
    <ClInclude Include="src\meta\flags.h">
      <Filter>meta</Filter>
    </ClInclude>
    <ClInclude Include="src\meta\result.h">
      <Filter>meta</Filter>
    </ClInclude>
    <ClInclude Include="src\meta\tuple.h">
      <Filter>meta</Filter>
    </ClInclude>
    <ClInclude Include="src\meta\scope_guard.h">
      <Filter>meta</Filter>
    </ClInclude>
    <ClInclude Include="src\meta\opaque_value.h">
      <Filter>meta</Filter>
    </ClInclude>
    <ClInclude Include="src\meta\string_view.h">
      <Filter>meta</Filter>
    </ClInclude>
  </ItemGroup>
  <ItemGroup>
    <Filter Include="meta">
      <UniqueIdentifier>{c1306954-4001-4709-97a0-8b2ff7c09077}</UniqueIdentifier>
    </Filter>
  </ItemGroup>
</Project>