<?xml version="1.0" encoding="utf-8"?>
<Project ToolsVersion="4.0" xmlns="http://schemas.microsoft.com/developer/msbuild/2003">
  <ItemGroup>
    <FxCompile Include="PixelShader.hlsl" />
    <FxCompile Include="VertexShader.hlsl" />
  </ItemGroup>
  <ItemGroup>
    <ClCompile Include="application.cpp" />
    <ClCompile Include="capture_thread.cpp" />
    <ClCompile Include="frame_updater.cpp" />
    <ClCompile Include="main.cpp" />
    <ClCompile Include="renderer.cpp" />
    <ClCompile Include="window_renderer.cpp" />
    <ClCompile Include="base_renderer.cpp" />
  </ItemGroup>
  <ItemGroup>
    <ClInclude Include="application.h" />
    <ClInclude Include="captured_update.h" />
    <ClInclude Include="capture_thread.h" />
    <ClInclude Include="frame_updater.h" />
    <ClInclude Include="renderer.h" />
    <ClInclude Include="stable.h" />
    <ClInclude Include="meta\array.h">
      <Filter>meta</Filter>
    </ClInclude>
    <ClInclude Include="meta\array_view.h">
      <Filter>meta</Filter>
    </ClInclude>
    <ClInclude Include="meta\bits.h">
      <Filter>meta</Filter>
    </ClInclude>
    <ClInclude Include="meta\flags.h">
      <Filter>meta</Filter>
    </ClInclude>
    <ClInclude Include="meta\comptr.h">
      <Filter>meta</Filter>
    </ClInclude>
    <ClInclude Include="meta\opaque_value.h">
      <Filter>meta</Filter>
    </ClInclude>
    <ClInclude Include="meta\result.h">
      <Filter>meta</Filter>
    </ClInclude>
    <ClInclude Include="meta\tuple.h">
      <Filter>meta</Filter>
    </ClInclude>
    <ClInclude Include="meta\string_view.h">
      <Filter>meta</Filter>
    </ClInclude>
    <ClInclude Include="meta\scope_guard.h">
      <Filter>meta</Filter>
    </ClInclude>
    <ClInclude Include="window_renderer.h" />
    <ClInclude Include="base_renderer.h" />
  </ItemGroup>
  <ItemGroup>
    <Filter Include="meta">
      <UniqueIdentifier>{963a799d-415f-478b-a5c7-4ada0d181706}</UniqueIdentifier>
    </Filter>
  </ItemGroup>
</Project>